
Microsoft Visual Studio Solution File, Format Version 12.00
# Visual Studio Version 16
VisualStudioVersion = 16.0.30503.244
MinimumVisualStudioVersion = 10.0.40219.1
Project("{FAE04EC0-301F-11D3-BF4B-00C04F79EFBC}") = "Exam", "Exam\Exam.csproj", "{FFF6FBA3-1538-434C-8D3B-FC4973FA1177}"
EndProject
Global
	GlobalSection(SolutionConfigurationPlatforms) = preSolution
		Debug|Any CPU = Debug|Any CPU
		Release|Any CPU = Release|Any CPU
	EndGlobalSection
	GlobalSection(ProjectConfigurationPlatforms) = postSolution
		{FFF6FBA3-1538-434C-8D3B-FC4973FA1177}.Debug|Any CPU.ActiveCfg = Debug|Any CPU
		{FFF6FBA3-1538-434C-8D3B-FC4973FA1177}.Debug|Any CPU.Build.0 = Debug|Any CPU
		{FFF6FBA3-1538-434C-8D3B-FC4973FA1177}.Release|Any CPU.ActiveCfg = Release|Any CPU
		{FFF6FBA3-1538-434C-8D3B-FC4973FA1177}.Release|Any CPU.Build.0 = Release|Any CPU
	EndGlobalSection
	GlobalSection(SolutionProperties) = preSolution
		HideSolutionNode = FALSE
	EndGlobalSection
	GlobalSection(ExtensibilityGlobals) = postSolution
		SolutionGuid = {0BD08DFD-B9FF-4D7C-BBE5-F62D89A5A3CA}
	EndGlobalSection
EndGlobal
